PODS:
  - crisp_flutter (0.0.1):
    - Flutter
  - Flutter (1.0.0)

DEPENDENCIES:
  - crisp_flutter (from `.symlinks/plugins/crisp_flutter/ios`)
  - Flutter (from `Flutter`)

EXTERNAL SOURCES:
  crisp_flutter:
    :path: ".symlinks/plugins/crisp_flutter/ios"
  Flutter:
    :path: Flutter

SPEC CHECKSUMS:
  crisp_flutter: d9d9fddd6bf161b378891589d069fb36faae347b
  Flutter: 0e3d915762c693b495b44d77113d4970485de6ec

PODFILE CHECKSUM: c34e2287a9ccaa606aeceab922830efb9a6ff69a

COCOAPODS: 1.8.4
